
Microsoft Visual Studio Solution File, Format Version 12.00
# Visual Studio 15
VisualStudioVersion = 15.0.35026.233
MinimumVisualStudioVersion = 10.0.40219.1
Project("{FAE04EC0-301F-11D3-BF4B-00C04F79EFBC}") = "Entidades", "Entidades\Entidades.csproj", "{8961E7D3-BF0A-43C2-95F8-D56E2417A15B}"
EndProject
Global
	GlobalSection(SolutionConfigurationPlatforms) = preSolution
		Debug|Any CPU = Debug|Any CPU
		Release|Any CPU = Release|Any CPU
	EndGlobalSection
	GlobalSection(ProjectConfigurationPlatforms) = postSolution
		{8961E7D3-BF0A-43C2-95F8-D56E2417A15B}.Debug|Any CPU.ActiveCfg = Debug|Any CPU
		{8961E7D3-BF0A-43C2-95F8-D56E2417A15B}.Debug|Any CPU.Build.0 = Debug|Any CPU
		{8961E7D3-BF0A-43C2-95F8-D56E2417A15B}.Release|Any CPU.ActiveCfg = Release|Any CPU
		{8961E7D3-BF0A-43C2-95F8-D56E2417A15B}.Release|Any CPU.Build.0 = Release|Any CPU
	EndGlobalSection
	GlobalSection(SolutionProperties) = preSolution
		HideSolutionNode = FALSE
	EndGlobalSection
	GlobalSection(ExtensibilityGlobals) = postSolution
		SolutionGuid = {3346E951-A46B-4AAD-A124-D2C364B599D2}
	EndGlobalSection
EndGlobal
